<Solution>
  <Folder Name="/src/">
    <Project Path="src/L2.Server.Game/L2.Server.Game.csproj" />
    <Project Path="src/L2.Server.Api/L2.Server.Api.csproj" />
    <Project Path="src/L2.Server.Contracts/L2.Server.Contracts.csproj" />
    <Project Path="src/L2.Server.Context/L2.Server.Context.csproj" />
    <Project Path="src/L2.Server.Migrations/L2.Server.Migrations.csproj" />
    <Project Path="src/L2.Server.Configurations/L2.Server.Configurations.csproj" />
    <Project Path="src/L2.Server.Exceptions/L2.Server.Exceptions.csproj" />
    <Project Path="src/L2.Server.Repositories.Interfaces/L2.Server.Repositories.Interfaces.csproj" />
    <Project Path="src/L2.Server.Repositories/L2.Server.Repositories.csproj" />
    <Project Path="src/L2.Server.Services/L2.Server.Services.csproj" />
    <Project Path="src/L2.Server.Services.Interfaces/L2.Server.Services.Interfaces.csproj" />
  </Folder>
  <Folder Name="/tests/">
    <Project Path="tests/L2.Server.Api.Tests/L2.Server.Api.Tests.csproj" />
    <Project Path="tests/L2.Server.Configurations.Tests/L2.Server.Configurations.Tests.csproj" />
    <Project Path="tests/L2.Server.Game.Tests/L2.Server.Game.Tests.csproj" />
    <Project Path="tests/L2.Server.Repositories.Tests/L2.Server.Repositories.Tests.csproj" />
    <Project Path="tests/L2.Server.Services.Tests/L2.Server.Services.Tests.csproj" />
  </Folder>
</Solution>
